// !$*UTF8*$!
{
	archiveVersion = 1;
	classes = {
	};
	objectVersion = 56;
	objects = {

/* Begin PBXBuildFile section */
		2EA9FD0C2CD30BDF00AB1547 /* PageBViewController.m in Sources */ = {isa = PBXBuildFile; fileRef = 2EA9FD0B2CD30BDF00AB1547 /* PageBViewController.m */; };
		2EE828A02C777D79003F096E /* AppDelegate.m in Sources */ = {isa = PBXBuildFile; fileRef = 2EE8289F2C777D79003F096E /* AppDelegate.m */; };
		2EE828AC2C777D79003F096E /* Main.storyboard in Resources */ = {isa = PBXBuildFile; fileRef = 2EE828AA2C777D79003F096E /* Main.storyboard */; };
		2EE828AE2C777D81003F096E /* Assets.xcassets in Resources */ = {isa = PBXBuildFile; fileRef = 2EE828AD2C777D81003F096E /* Assets.xcassets */; };
		2EE828B12C777D81003F096E /* LaunchScreen.storyboard in Resources */ = {isa = PBXBuildFile; fileRef = 2EE828AF2C777D81003F096E /* LaunchScreen.storyboard */; };
		2EE828B42C777D81003F096E /* main.m in Sources */ = {isa = PBXBuildFile; fileRef = 2EE828B32C777D81003F096E /* main.m */; };
		2EE828BC2C777E5D003F096E /* ViewController.m in Sources */ = {isa = PBXBuildFile; fileRef = 2EE828BB2C777E5C003F096E /* ViewController.m */; };
		831F3E6ADB7BD99F5B67B5BF /* Pods_OCTestjs.framework in Frameworks */ = {isa = PBXBuildFile; fileRef = 21AF1BBF4027E7B8E6A54D3A /* Pods_OCTestjs.framework */; };
/* End PBXBuildFile section */

/* Begin PBXFileReference section */
		21AF1BBF4027E7B8E6A54D3A /* Pods_OCTestjs.framework */ = {isa = PBXFileReference; explicitFileType = wrapper.framework; includeInIndex = 0; path = Pods_OCTestjs.framework; sourceTree = BUILT_PRODUCTS_DIR; };
		2EA9FD0A2CD30BDF00AB1547 /* PageBViewController.h */ = {isa = PBXFileReference; lastKnownFileType = sourcecode.c.h; path = PageBViewController.h; sourceTree = "<group>"; };
		2EA9FD0B2CD30BDF00AB1547 /* PageBViewController.m */ = {isa = PBXFileReference; lastKnownFileType = sourcecode.c.objc; path = PageBViewController.m; sourceTree = "<group>"; };
		2EE8289B2C777D79003F096E /* OCTestjs.app */ = {isa = PBXFileReference; explicitFileType = wrapper.application; includeInIndex = 0; path = OCTestjs.app; sourceTree = BUILT_PRODUCTS_DIR; };
		2EE8289E2C777D79003F096E /* AppDelegate.h */ = {isa = PBXFileReference; lastKnownFileType = sourcecode.c.h; path = AppDelegate.h; sourceTree = "<group>"; };
		2EE8289F2C777D79003F096E /* AppDelegate.m */ = {isa = PBXFileReference; lastKnownFileType = sourcecode.c.objc; path = AppDelegate.m; sourceTree = "<group>"; };
		2EE828AB2C777D79003F096E /* Base */ = {isa = PBXFileReference; lastKnownFileType = file.storyboard; name = Base; path = Base.lproj/Main.storyboard; sourceTree = "<group>"; };
		2EE828AD2C777D81003F096E /* Assets.xcassets */ = {isa = PBXFileReference; lastKnownFileType = folder.assetcatalog; path = Assets.xcassets; sourceTree = "<group>"; };
		2EE828B02C777D81003F096E /* Base */ = {isa = PBXFileReference; lastKnownFileType = file.storyboard; name = Base; path = Base.lproj/LaunchScreen.storyboard; sourceTree = "<group>"; };
		2EE828B22C777D81003F096E /* Info.plist */ = {isa = PBXFileReference; lastKnownFileType = text.plist.xml; path = Info.plist; sourceTree = "<group>"; };
		2EE828B32C777D81003F096E /* main.m */ = {isa = PBXFileReference; lastKnownFileType = sourcecode.c.objc; path = main.m; sourceTree = "<group>"; };
		2EE828BA2C777E5C003F096E /* ViewController.h */ = {isa = PBXFileReference; lastKnownFileType = sourcecode.c.h; path = ViewController.h; sourceTree = "<group>"; };
		2EE828BB2C777E5C003F096E /* ViewController.m */ = {isa = PBXFileReference; lastKnownFileType = sourcecode.c.objc; path = ViewController.m; sourceTree = "<group>"; };
		616E7CB104455B53DB8CC4E6 /* Pods-OCTestjs.debug.xcconfig */ = {isa = PBXFileReference; includeInIndex = 1; lastKnownFileType = text.xcconfig; name = "Pods-OCTestjs.debug.xcconfig"; path = "Target Support Files/Pods-OCTestjs/Pods-OCTestjs.debug.xcconfig"; sourceTree = "<group>"; };
		E3CC53682ECE1B818EA46E92 /* Pods-OCTestjs.release.xcconfig */ = {isa = PBXFileReference; includeInIndex = 1; lastKnownFileType = text.xcconfig; name = "Pods-OCTestjs.release.xcconfig"; path = "Target Support Files/Pods-OCTestjs/Pods-OCTestjs.release.xcconfig"; sourceTree = "<group>"; };
/* End PBXFileReference section */

/* Begin PBXFrameworksBuildPhase section */
		2EE828982C777D79003F096E /* Frameworks */ = {
			isa = PBXFrameworksBuildPhase;
			buildActionMask = 2147483647;
			files = (
				831F3E6ADB7BD99F5B67B5BF /* Pods_OCTestjs.framework in Frameworks */,
			);
			runOnlyForDeploymentPostprocessing = 0;
		};
/* End PBXFrameworksBuildPhase section */

/* Begin PBXGroup section */
		2EE828922C777D78003F096E = {
			isa = PBXGroup;
			children = (
				2EE8289D2C777D79003F096E /* OCTestjs */,
				2EE8289C2C777D79003F096E /* Products */,
				9F1B3EAF5BAEB573F401E591 /* Pods */,
				F833719E1BC01EA8AA977EF6 /* Frameworks */,
			);
			sourceTree = "<group>";
		};
		2EE8289C2C777D79003F096E /* Products */ = {
			isa = PBXGroup;
			children = (
				2EE8289B2C777D79003F096E /* OCTestjs.app */,
			);
			name = Products;
			sourceTree = "<group>";
		};
		2EE8289D2C777D79003F096E /* OCTestjs */ = {
			isa = PBXGroup;
			children = (
				2EE828BA2C777E5C003F096E /* ViewController.h */,
				2EE828BB2C777E5C003F096E /* ViewController.m */,
				2EE8289E2C777D79003F096E /* AppDelegate.h */,
				2EE8289F2C777D79003F096E /* AppDelegate.m */,
				2EE828AA2C777D79003F096E /* Main.storyboard */,
				2EE828AD2C777D81003F096E /* Assets.xcassets */,
				2EE828AF2C777D81003F096E /* LaunchScreen.storyboard */,
				2EE828B22C777D81003F096E /* Info.plist */,
				2EE828B32C777D81003F096E /* main.m */,
				2EA9FD0A2CD30BDF00AB1547 /* PageBViewController.h */,
				2EA9FD0B2CD30BDF00AB1547 /* PageBViewController.m */,
			);
			path = OCTestjs;
			sourceTree = "<group>";
		};
		9F1B3EAF5BAEB573F401E591 /* Pods */ = {
			isa = PBXGroup;
			children = (
				616E7CB104455B53DB8CC4E6 /* Pods-OCTestjs.debug.xcconfig */,
				E3CC53682ECE1B818EA46E92 /* Pods-OCTestjs.release.xcconfig */,
			);
			path = Pods;
			sourceTree = "<group>";
		};
		F833719E1BC01EA8AA977EF6 /* Frameworks */ = {
			isa = PBXGroup;
			children = (
				21AF1BBF4027E7B8E6A54D3A /* Pods_OCTestjs.framework */,
			);
			name = Frameworks;
			sourceTree = "<group>";
		};
/* End PBXGroup section */

/* Begin PBXNativeTarget section */
		2EE8289A2C777D79003F096E /* OCTestjs */ = {
			isa = PBXNativeTarget;
			buildConfigurationList = 2EE828B72C777D81003F096E /* Build configuration list for PBXNativeTarget "OCTestjs" */;
			buildPhases = (
				49BBD5573F59CE8AF183D3E4 /* [CP] Check Pods Manifest.lock */,
				2EE828972C777D79003F096E /* Sources */,
				2EE828982C777D79003F096E /* Frameworks */,
				2EE828992C777D79003F096E /* Resources */,
			);
			buildRules = (
			);
			dependencies = (
			);
			name = OCTestjs;
			productName = OCTestjs;
			productReference = 2EE8289B2C777D79003F096E /* OCTestjs.app */;
			productType = "com.apple.product-type.application";
		};
/* End PBXNativeTarget section */

/* Begin PBXProject section */
		2EE828932C777D78003F096E /* Project object */ = {
			isa = PBXProject;
			attributes = {
				BuildIndependentTargetsInParallel = 1;
				LastUpgradeCheck = 1420;
				TargetAttributes = {
					2EE8289A2C777D79003F096E = {
						CreatedOnToolsVersion = 14.2;
					};
				};
			};
			buildConfigurationList = 2EE828962C777D78003F096E /* Build configuration list for PBXProject "OCTestjs" */;
			compatibilityVersion = "Xcode 14.0";
			developmentRegion = en;
			hasScannedForEncodings = 0;
			knownRegions = (
				en,
				Base,
			);
			mainGroup = 2EE828922C777D78003F096E;
			productRefGroup = 2EE8289C2C777D79003F096E /* Products */;
			projectDirPath = "";
			projectRoot = "";
			targets = (
				2EE8289A2C777D79003F096E /* OCTestjs */,
			);
		};
/* End PBXProject section */

/* Begin PBXResourcesBuildPhase section */
		2EE828992C777D79003F096E /* Resources */ = {
			isa = PBXResourcesBuildPhase;
			buildActionMask = 2147483647;
			files = (
				2EE828B12C777D81003F096E /* LaunchScreen.storyboard in Resources */,
				2EE828AE2C777D81003F096E /* Assets.xcassets in Resources */,
				2EE828AC2C777D79003F096E /* Main.storyboard in Resources */,
			);
			runOnlyForDeploymentPostprocessing = 0;
		};
/* End PBXResourcesBuildPhase section */

/* Begin PBXShellScriptBuildPhase section */
		49BBD5573F59CE8AF183D3E4 /* [CP] Check Pods Manifest.lock */ = {
			isa = PBXShellScriptBuildPhase;
			buildActionMask = 2147483647;
			files = (
			);
			inputFileListPaths = (
			);
			inputPaths = (
				"${PODS_PODFILE_DIR_PATH}/Podfile.lock",
				"${PODS_ROOT}/Manifest.lock",
			);
			name = "[CP] Check Pods Manifest.lock";
			outputFileListPaths = (
			);
			outputPaths = (
				"$(DERIVED_FILE_DIR)/Pods-OCTestjs-checkManifestLockResult.txt",
			);
			runOnlyForDeploymentPostprocessing = 0;
			shellPath = /bin/sh;
			shellScript = "diff \"${PODS_PODFILE_DIR_PATH}/Podfile.lock\" \"${PODS_ROOT}/Manifest.lock\" > /dev/null\nif [ $? != 0 ] ; then\n    # print error to STDERR\n    echo \"error: The sandbox is not in sync with the Podfile.lock. Run 'pod install' or update your CocoaPods installation.\" >&2\n    exit 1\nfi\n# This output is used by Xcode 'outputs' to avoid re-running this script phase.\necho \"SUCCESS\" > \"${SCRIPT_OUTPUT_FILE_0}\"\n";
			showEnvVarsInLog = 0;
		};
/* End PBXShellScriptBuildPhase section */

/* Begin PBXSourcesBuildPhase section */
		2EE828972C777D79003F096E /* Sources */ = {
			isa = PBXSourcesBuildPhase;
			buildActionMask = 2147483647;
			files = (
				2EE828BC2C777E5D003F096E /* ViewController.m in Sources */,
				2EE828B42C777D81003F096E /* main.m in Sources */,
				2EA9FD0C2CD30BDF00AB1547 /* PageBViewController.m in Sources */,
				2EE828A02C777D79003F096E /* AppDelegate.m in Sources */,
			);
			runOnlyForDeploymentPostprocessing = 0;
		};
/* End PBXSourcesBuildPhase section */

/* Begin PBXVariantGroup section */
		2EE828AA2C777D79003F096E /* Main.storyboard */ = {
			isa = PBXVariantGroup;
			children = (
				2EE828AB2C777D79003F096E /* Base */,
			);
			name = Main.storyboard;
			sourceTree = "<group>";
		};
		2EE828AF2C777D81003F096E /* LaunchScreen.storyboard */ = {
			isa = PBXVariantGroup;
			children = (
				2EE828B02C777D81003F096E /* Base */,
			);
			name = LaunchScreen.storyboard;
			sourceTree = "<group>";
		};
/* End PBXVariantGroup section */

/* Begin XCBuildConfiguration section */
		2EE828B52C777D81003F096E /* Debug */ = {
			isa = XCBuildConfiguration;
			buildSettings = {
				ALWAYS_SEARCH_USER_PATHS = NO;
				CLANG_ANALYZER_NONNULL = YES;
				CLANG_ANALYZER_NUMBER_OBJECT_CONVERSION = YES_AGGRESSIVE;
				CLANG_CXX_LANGUAGE_STANDARD = "gnu++20";
				CLANG_ENABLE_MODULES = YES;
				CLANG_ENABLE_OBJC_ARC = YES;
				CLANG_ENABLE_OBJC_WEAK = YES;
				CLANG_WARN_BLOCK_CAPTURE_AUTORELEASING = YES;
				CLANG_WARN_BOOL_CONVERSION = YES;
				CLANG_WARN_COMMA = YES;
				CLANG_WARN_CONSTANT_CONVERSION = YES;
				CLANG_WARN_DEPRECATED_OBJC_IMPLEMENTATIONS = YES;
				CLANG_WARN_DIRECT_OBJC_ISA_USAGE = YES_ERROR;
				CLANG_WARN_DOCUMENTATION_COMMENTS = YES;
				CLANG_WARN_EMPTY_BODY = YES;
				CLANG_WARN_ENUM_CONVERSION = YES;
				CLANG_WARN_INFINITE_RECURSION = YES;
				CLANG_WARN_INT_CONVERSION = YES;
				CLANG_WARN_NON_LITERAL_NULL_CONVERSION = YES;
				CLANG_WARN_OBJC_IMPLICIT_RETAIN_SELF = YES;
				CLANG_WARN_OBJC_LITERAL_CONVERSION = YES;
				CLANG_WARN_OBJC_ROOT_CLASS = YES_ERROR;
				CLANG_WARN_QUOTED_INCLUDE_IN_FRAMEWORK_HEADER = YES;
				CLANG_WARN_RANGE_LOOP_ANALYSIS = YES;
				CLANG_WARN_STRICT_PROTOTYPES = YES;
				CLANG_WARN_SUSPICIOUS_MOVE = YES;
				CLANG_WARN_UNGUARDED_AVAILABILITY = YES_AGGRESSIVE;
				CLANG_WARN_UNREACHABLE_CODE = YES;
				CLANG_WARN__DUPLICATE_METHOD_MATCH = YES;
				COPY_PHASE_STRIP = NO;
				DEBUG_INFORMATION_FORMAT = dwarf;
				ENABLE_STRICT_OBJC_MSGSEND = YES;
				ENABLE_TESTABILITY = YES;
				GCC_C_LANGUAGE_STANDARD = gnu11;
				GCC_DYNAMIC_NO_PIC = NO;
				GCC_NO_COMMON_BLOCKS = YES;
				GCC_OPTIMIZATION_LEVEL = 0;
				GCC_PREPROCESSOR_DEFINITIONS = (
					"DEBUG=1",
					"$(inherited)",
				);
				GCC_WARN_64_TO_32_BIT_CONVERSION = YES;
				GCC_WARN_ABOUT_RETURN_TYPE = YES_ERROR;
				GCC_WARN_UNDECLARED_SELECTOR = YES;
				GCC_WARN_UNINITIALIZED_AUTOS = YES_AGGRESSIVE;
				GCC_WARN_UNUSED_FUNCTION = YES;
				GCC_WARN_UNUSED_VARIABLE = YES;
				IPHONEOS_DEPLOYMENT_TARGET = 16.2;
				MTL_ENABLE_DEBUG_INFO = INCLUDE_SOURCE;
				MTL_FAST_MATH = YES;
				ONLY_ACTIVE_ARCH = YES;
				SDKROOT = iphoneos;
			};
			name = Debug;
		};
		2EE828B62C777D81003F096E /* Release */ = {
			isa = XCBuildConfiguration;
			buildSettings = {
				ALWAYS_SEARCH_USER_PATHS = NO;
				CLANG_ANALYZER_NONNULL = YES;
				CLANG_ANALYZER_NUMBER_OBJECT_CONVERSION = YES_AGGRESSIVE;
				CLANG_CXX_LANGUAGE_STANDARD = "gnu++20";
				CLANG_ENABLE_MODULES = YES;
				CLANG_ENABLE_OBJC_ARC = YES;
				CLANG_ENABLE_OBJC_WEAK = YES;
				CLANG_WARN_BLOCK_CAPTURE_AUTORELEASING = YES;
				CLANG_WARN_BOOL_CONVERSION = YES;
				CLANG_WARN_COMMA = YES;
				CLANG_WARN_CONSTANT_CONVERSION = YES;
				CLANG_WARN_DEPRECATED_OBJC_IMPLEMENTATIONS = YES;
				CLANG_WARN_DIRECT_OBJC_ISA_USAGE = YES_ERROR;
				CLANG_WARN_DOCUMENTATION_COMMENTS = YES;
				CLANG_WARN_EMPTY_BODY = YES;
				CLANG_WARN_ENUM_CONVERSION = YES;
				CLANG_WARN_INFINITE_RECURSION = YES;
				CLANG_WARN_INT_CONVERSION = YES;
				CLANG_WARN_NON_LITERAL_NULL_CONVERSION = YES;
				CLANG_WARN_OBJC_IMPLICIT_RETAIN_SELF = YES;
				CLANG_WARN_OBJC_LITERAL_CONVERSION = YES;
				CLANG_WARN_OBJC_ROOT_CLASS = YES_ERROR;
				CLANG_WARN_QUOTED_INCLUDE_IN_FRAMEWORK_HEADER = YES;
				CLANG_WARN_RANGE_LOOP_ANALYSIS = YES;
				CLANG_WARN_STRICT_PROTOTYPES = YES;
				CLANG_WARN_SUSPICIOUS_MOVE = YES;
				CLANG_WARN_UNGUARDED_AVAILABILITY = YES_AGGRESSIVE;
				CLANG_WARN_UNREACHABLE_CODE = YES;
				CLANG_WARN__DUPLICATE_METHOD_MATCH = YES;
				COPY_PHASE_STRIP = NO;
				DEBUG_INFORMATION_FORMAT = "dwarf-with-dsym";
				ENABLE_NS_ASSERTIONS = NO;
				ENABLE_STRICT_OBJC_MSGSEND = YES;
				GCC_C_LANGUAGE_STANDARD = gnu11;
				GCC_NO_COMMON_BLOCKS = YES;
				GCC_WARN_64_TO_32_BIT_CONVERSION = YES;
				GCC_WARN_ABOUT_RETURN_TYPE = YES_ERROR;
				GCC_WARN_UNDECLARED_SELECTOR = YES;
				GCC_WARN_UNINITIALIZED_AUTOS = YES_AGGRESSIVE;
				GCC_WARN_UNUSED_FUNCTION = YES;
				GCC_WARN_UNUSED_VARIABLE = YES;
				IPHONEOS_DEPLOYMENT_TARGET = 16.2;
				MTL_ENABLE_DEBUG_INFO = NO;
				MTL_FAST_MATH = YES;
				SDKROOT = iphoneos;
				VALIDATE_PRODUCT = YES;
			};
			name = Release;
		};
		2EE828B82C777D81003F096E /* Debug */ = {
			isa = XCBuildConfiguration;
			baseConfigurationReference = 616E7CB104455B53DB8CC4E6 /* Pods-OCTestjs.debug.xcconfig */;
			buildSettings = {
				ASSETCATALOG_COMPILER_APPICON_NAME = AppIcon;
				ASSETCATALOG_COMPILER_GLOBAL_ACCENT_COLOR_NAME = AccentColor;
				CODE_SIGN_STYLE = Automatic;
				CURRENT_PROJECT_VERSION = 1;
				DEVELOPMENT_TEAM = 8YWZ28ZAPR;
				GENERATE_INFOPLIST_FILE = YES;
				INFOPLIST_FILE = OCTestjs/Info.plist;
				INFOPLIST_KEY_UIApplicationSupportsIndirectInputEvents = YES;
				INFOPLIST_KEY_UILaunchStoryboardName = "";
				INFOPLIST_KEY_UIMainStoryboardFile = Main;
				INFOPLIST_KEY_UISupportedInterfaceOrientations_iPad = "UIInterfaceOrientationPortrait UIInterfaceOrientationPortraitUpsideDown UIInterfaceOrientationLandscapeLeft UIInterfaceOrientationLandscapeRight";
				INFOPLIST_KEY_UISupportedInterfaceOrientations_iPhone = "UIInterfaceOrientationPortrait UIInterfaceOrientationLandscapeLeft UIInterfaceOrientationLandscapeRight";
				INFOPLIST_KEY_UISupportsDocumentBrowser = YES;
				LD_RUNPATH_SEARCH_PATHS = (
					"$(inherited)",
					"@executable_path/Frameworks",
				);
				MARKETING_VERSION = 1.0;
				PRODUCT_BUNDLE_IDENTIFIER = js1.test.com..OCTestjs;
				PRODUCT_NAME = "$(TARGET_NAME)";
				SUPPORTED_PLATFORMS = "iphoneos iphonesimulator";
				SUPPORTS_MACCATALYST = NO;
				SUPPORTS_MAC_DESIGNED_FOR_IPHONE_IPAD = NO;
				SWIFT_EMIT_LOC_STRINGS = YES;
				TARGETED_DEVICE_FAMILY = 1;
			};
			name = Debug;
		};
		2EE828B92C777D81003F096E /* Release */ = {
			isa = XCBuildConfiguration;
			baseConfigurationReference = E3CC53682ECE1B818EA46E92 /* Pods-OCTestjs.release.xcconfig */;
			buildSettings = {
				ASSETCATALOG_COMPILER_APPICON_NAME = AppIcon;
				ASSETCATALOG_COMPILER_GLOBAL_ACCENT_COLOR_NAME = AccentColor;
				CODE_SIGN_STYLE = Automatic;
				CURRENT_PROJECT_VERSION = 1;
				DEVELOPMENT_TEAM = 8YWZ28ZAPR;
				GENERATE_INFOPLIST_FILE = YES;
				INFOPLIST_FILE = OCTestjs/Info.plist;
				INFOPLIST_KEY_UIApplicationSupportsIndirectInputEvents = YES;
				INFOPLIST_KEY_UILaunchStoryboardName = "";
				INFOPLIST_KEY_UIMainStoryboardFile = Main;
				INFOPLIST_KEY_UISupportedInterfaceOrientations_iPad = "UIInterfaceOrientationPortrait UIInterfaceOrientationPortraitUpsideDown UIInterfaceOrientationLandscapeLeft UIInterfaceOrientationLandscapeRight";
				INFOPLIST_KEY_UISupportedInterfaceOrientations_iPhone = "UIInterfaceOrientationPortrait UIInterfaceOrientationLandscapeLeft UIInterfaceOrientationLandscapeRight";
				INFOPLIST_KEY_UISupportsDocumentBrowser = YES;
				LD_RUNPATH_SEARCH_PATHS = (
					"$(inherited)",
					"@executable_path/Frameworks",
				);
				MARKETING_VERSION = 1.0;
				PRODUCT_BUNDLE_IDENTIFIER = js1.test.com..OCTestjs;
				PRODUCT_NAME = "$(TARGET_NAME)";
				SUPPORTED_PLATFORMS = "iphoneos iphonesimulator";
				SUPPORTS_MACCATALYST = NO;
				SUPPORTS_MAC_DESIGNED_FOR_IPHONE_IPAD = NO;
				SWIFT_EMIT_LOC_STRINGS = YES;
				TARGETED_DEVICE_FAMILY = 1;
			};
			name = Release;
		};
/* End XCBuildConfiguration section */

/* Begin XCConfigurationList section */
		2EE828962C777D78003F096E /* Build configuration list for PBXProject "OCTestjs" */ = {
			isa = XCConfigurationList;
			buildConfigurations = (
				2EE828B52C777D81003F096E /* Debug */,
				2EE828B62C777D81003F096E /* Release */,
			);
			defaultConfigurationIsVisible = 0;
			defaultConfigurationName = Release;
		};
		2EE828B72C777D81003F096E /* Build configuration list for PBXNativeTarget "OCTestjs" */ = {
			isa = XCConfigurationList;
			buildConfigurations = (
				2EE828B82C777D81003F096E /* Debug */,
				2EE828B92C777D81003F096E /* Release */,
			);
			defaultConfigurationIsVisible = 0;
			defaultConfigurationName = Release;
		};
/* End XCConfigurationList section */
	};
	rootObject = 2EE828932C777D78003F096E /* Project object */;
}
